
Microsoft Visual Studio Solution File, Format Version 12.00
Project("{2150E333-8FDC-42A3-9474-1A3956D46DE8}") = "src", "src", "{427797B4-9DF8-4188-89E1-4BDA5A41328C}"
EndProject
Project("{FAE04EC0-301F-11D3-BF4B-00C04F79EFBC}") = "Owl.Chat.Host", "src\Owl.Chat.Host\Owl.Chat.Host.csproj", "{06F42136-EEE1-4BDC-A7EE-D732E5014C10}"
EndProject
Project("{FAE04EC0-301F-11D3-BF4B-00C04F79EFBC}") = "Owl.Chat.Core", "src\Owl.Chat.Core\Owl.Chat.Core.csproj", "{72740E07-7849-435D-9F82-D8441C20E848}"
EndProject
Project("{2150E333-8FDC-42A3-9474-1A3956D46DE8}") = "EntityFrameworkCore", "EntityFrameworkCore", "{600AE417-0EF7-4CFD-A60F-D48F7B16ED69}"
EndProject
Project("{FAE04EC0-301F-11D3-BF4B-00C04F79EFBC}") = "EntityFrameworkCore.Sqlite", "src\EntityFrameworkCore\EntityFrameworkCore.Sqlite\EntityFrameworkCore.Sqlite.csproj", "{B5798EB0-403B-4459-9E19-01135FFB84AF}"
EndProject
Project("{2150E333-8FDC-42A3-9474-1A3956D46DE8}") = "Storage", "Storage", "{714B06CB-5B62-466B-856E-D53F18BCDDD3}"
EndProject
Project("{FAE04EC0-301F-11D3-BF4B-00C04F79EFBC}") = "Storage.Core", "src\Storage\Storage.Core\Storage.Core.csproj", "{FAEAAAE8-3DAC-406D-9757-B987574D40D8}"
EndProject
Project("{FAE04EC0-301F-11D3-BF4B-00C04F79EFBC}") = "Storage.LiteDB", "src\Storage\Storage.LiteDB\Storage.LiteDB.csproj", "{5E90EC79-0CC4-449A-A909-E93F411FC46A}"
EndProject
Project("{FAE04EC0-301F-11D3-BF4B-00C04F79EFBC}") = "EntityFrameworkCore.PostgreSQL", "src\EntityFrameworkCore\EntityFrameworkCore.PostgreSQL\EntityFrameworkCore.PostgreSQL.csproj", "{1BDA6274-0E18-4763-98DC-3CE083F32DB7}"
EndProject
Project("{FAE04EC0-301F-11D3-BF4B-00C04F79EFBC}") = "EntityFrameworkCore.SqlServer", "src\EntityFrameworkCore\EntityFrameworkCore.SqlServer\EntityFrameworkCore.SqlServer.csproj", "{88A10661-231E-4253-BC99-66793AC7F6D7}"
EndProject
Project("{FAE04EC0-301F-11D3-BF4B-00C04F79EFBC}") = "EntityFrameworkCore.MySql", "src\EntityFrameworkCore\EntityFrameworkCore.MySql\EntityFrameworkCore.MySql.csproj", "{D1D39C04-93B7-4940-9AE4-3AA3597F0AC5}"
EndProject
Project("{FAE04EC0-301F-11D3-BF4B-00C04F79EFBC}") = "EntityFrameworkCore.DaMeng", "src\EntityFrameworkCore\EntityFrameworkCore.DaMeng\EntityFrameworkCore.DaMeng.csproj", "{16161783-6A6F-44AC-AECB-BC53AF85F146}"
EndProject
Project("{2150E333-8FDC-42A3-9474-1A3956D46DE8}") = "Solution Items", "Solution Items", "{014FF06E-2C10-4AD9-BD18-D3CF4066693C}"
	ProjectSection(SolutionItems) = preProject
		docker-compose.yml = docker-compose.yml
		README.md = README.md
		.dockerignore = .dockerignore
		migrations.bat = migrations.bat
	EndProjectSection
EndProject
Global
	GlobalSection(SolutionConfigurationPlatforms) = preSolution
		Debug|Any CPU = Debug|Any CPU
		Release|Any CPU = Release|Any CPU
	EndGlobalSection
	GlobalSection(NestedProjects) = preSolution
		{06F42136-EEE1-4BDC-A7EE-D732E5014C10} = {427797B4-9DF8-4188-89E1-4BDA5A41328C}
		{72740E07-7849-435D-9F82-D8441C20E848} = {427797B4-9DF8-4188-89E1-4BDA5A41328C}
		{600AE417-0EF7-4CFD-A60F-D48F7B16ED69} = {427797B4-9DF8-4188-89E1-4BDA5A41328C}
		{B5798EB0-403B-4459-9E19-01135FFB84AF} = {600AE417-0EF7-4CFD-A60F-D48F7B16ED69}
		{714B06CB-5B62-466B-856E-D53F18BCDDD3} = {427797B4-9DF8-4188-89E1-4BDA5A41328C}
		{FAEAAAE8-3DAC-406D-9757-B987574D40D8} = {714B06CB-5B62-466B-856E-D53F18BCDDD3}
		{5E90EC79-0CC4-449A-A909-E93F411FC46A} = {714B06CB-5B62-466B-856E-D53F18BCDDD3}
		{1BDA6274-0E18-4763-98DC-3CE083F32DB7} = {600AE417-0EF7-4CFD-A60F-D48F7B16ED69}
		{88A10661-231E-4253-BC99-66793AC7F6D7} = {600AE417-0EF7-4CFD-A60F-D48F7B16ED69}
		{D1D39C04-93B7-4940-9AE4-3AA3597F0AC5} = {600AE417-0EF7-4CFD-A60F-D48F7B16ED69}
		{16161783-6A6F-44AC-AECB-BC53AF85F146} = {600AE417-0EF7-4CFD-A60F-D48F7B16ED69}
	EndGlobalSection
	GlobalSection(ProjectConfigurationPlatforms) = postSolution
		{06F42136-EEE1-4BDC-A7EE-D732E5014C10}.Debug|Any CPU.ActiveCfg = Debug|Any CPU
		{06F42136-EEE1-4BDC-A7EE-D732E5014C10}.Debug|Any CPU.Build.0 = Debug|Any CPU
		{06F42136-EEE1-4BDC-A7EE-D732E5014C10}.Release|Any CPU.ActiveCfg = Release|Any CPU
		{06F42136-EEE1-4BDC-A7EE-D732E5014C10}.Release|Any CPU.Build.0 = Release|Any CPU
		{72740E07-7849-435D-9F82-D8441C20E848}.Debug|Any CPU.ActiveCfg = Debug|Any CPU
		{72740E07-7849-435D-9F82-D8441C20E848}.Debug|Any CPU.Build.0 = Debug|Any CPU
		{72740E07-7849-435D-9F82-D8441C20E848}.Release|Any CPU.ActiveCfg = Release|Any CPU
		{72740E07-7849-435D-9F82-D8441C20E848}.Release|Any CPU.Build.0 = Release|Any CPU
		{B5798EB0-403B-4459-9E19-01135FFB84AF}.Debug|Any CPU.ActiveCfg = Debug|Any CPU
		{B5798EB0-403B-4459-9E19-01135FFB84AF}.Debug|Any CPU.Build.0 = Debug|Any CPU
		{B5798EB0-403B-4459-9E19-01135FFB84AF}.Release|Any CPU.ActiveCfg = Release|Any CPU
		{B5798EB0-403B-4459-9E19-01135FFB84AF}.Release|Any CPU.Build.0 = Release|Any CPU
		{FAEAAAE8-3DAC-406D-9757-B987574D40D8}.Debug|Any CPU.ActiveCfg = Debug|Any CPU
		{FAEAAAE8-3DAC-406D-9757-B987574D40D8}.Debug|Any CPU.Build.0 = Debug|Any CPU
		{FAEAAAE8-3DAC-406D-9757-B987574D40D8}.Release|Any CPU.ActiveCfg = Release|Any CPU
		{FAEAAAE8-3DAC-406D-9757-B987574D40D8}.Release|Any CPU.Build.0 = Release|Any CPU
		{5E90EC79-0CC4-449A-A909-E93F411FC46A}.Debug|Any CPU.ActiveCfg = Debug|Any CPU
		{5E90EC79-0CC4-449A-A909-E93F411FC46A}.Debug|Any CPU.Build.0 = Debug|Any CPU
		{5E90EC79-0CC4-449A-A909-E93F411FC46A}.Release|Any CPU.ActiveCfg = Release|Any CPU
		{5E90EC79-0CC4-449A-A909-E93F411FC46A}.Release|Any CPU.Build.0 = Release|Any CPU
		{1BDA6274-0E18-4763-98DC-3CE083F32DB7}.Debug|Any CPU.ActiveCfg = Debug|Any CPU
		{1BDA6274-0E18-4763-98DC-3CE083F32DB7}.Debug|Any CPU.Build.0 = Debug|Any CPU
		{1BDA6274-0E18-4763-98DC-3CE083F32DB7}.Release|Any CPU.ActiveCfg = Release|Any CPU
		{1BDA6274-0E18-4763-98DC-3CE083F32DB7}.Release|Any CPU.Build.0 = Release|Any CPU
		{88A10661-231E-4253-BC99-66793AC7F6D7}.Debug|Any CPU.ActiveCfg = Debug|Any CPU
		{88A10661-231E-4253-BC99-66793AC7F6D7}.Debug|Any CPU.Build.0 = Debug|Any CPU
		{88A10661-231E-4253-BC99-66793AC7F6D7}.Release|Any CPU.ActiveCfg = Release|Any CPU
		{88A10661-231E-4253-BC99-66793AC7F6D7}.Release|Any CPU.Build.0 = Release|Any CPU
		{D1D39C04-93B7-4940-9AE4-3AA3597F0AC5}.Debug|Any CPU.ActiveCfg = Debug|Any CPU
		{D1D39C04-93B7-4940-9AE4-3AA3597F0AC5}.Debug|Any CPU.Build.0 = Debug|Any CPU
		{D1D39C04-93B7-4940-9AE4-3AA3597F0AC5}.Release|Any CPU.ActiveCfg = Release|Any CPU
		{D1D39C04-93B7-4940-9AE4-3AA3597F0AC5}.Release|Any CPU.Build.0 = Release|Any CPU
		{16161783-6A6F-44AC-AECB-BC53AF85F146}.Debug|Any CPU.ActiveCfg = Debug|Any CPU
		{16161783-6A6F-44AC-AECB-BC53AF85F146}.Debug|Any CPU.Build.0 = Debug|Any CPU
		{16161783-6A6F-44AC-AECB-BC53AF85F146}.Release|Any CPU.ActiveCfg = Release|Any CPU
		{16161783-6A6F-44AC-AECB-BC53AF85F146}.Release|Any CPU.Build.0 = Release|Any CPU
	EndGlobalSection
EndGlobal
